
Microsoft Visual Studio Solution File, Format Version 12.00
# Visual Studio Version 17
VisualStudioVersion = 17.3.32929.385
MinimumVisualStudioVersion = 10.0.40219.1
Project("{FAE04EC0-301F-11D3-BF4B-00C04F79EFBC}") = "LiarsDiceEB", "LiarsDiceEB.csproj", "{A8B71FCE-3100-4019-81C5-D093F1C2A973}"
EndProject
Global
	GlobalSection(SolutionConfigurationPlatforms) = preSolution
		Debug|Any CPU = Debug|Any CPU
		Release|Any CPU = Release|Any CPU
	EndGlobalSection
	GlobalSection(ProjectConfigurationPlatforms) = postSolution
		{A8B71FCE-3100-4019-81C5-D093F1C2A973}.Debug|Any CPU.ActiveCfg = Debug|Any CPU
		{A8B71FCE-3100-4019-81C5-D093F1C2A973}.Debug|Any CPU.Build.0 = Debug|Any CPU
		{A8B71FCE-3100-4019-81C5-D093F1C2A973}.Release|Any CPU.ActiveCfg = Release|Any CPU
		{A8B71FCE-3100-4019-81C5-D093F1C2A973}.Release|Any CPU.Build.0 = Release|Any CPU
	EndGlobalSection
	GlobalSection(SolutionProperties) = preSolution
		HideSolutionNode = FALSE
	EndGlobalSection
	GlobalSection(ExtensibilityGlobals) = postSolution
		SolutionGuid = {F7F1FEBB-46B2-434B-BCEC-5478F8742948}
	EndGlobalSection
EndGlobal
